// !$*UTF8*$!
{
	archiveVersion = 1;
	classes = {
	};
	objectVersion = 56;
	objects = {

/* Begin PBXBuildFile section */
		5756AD412B039A9E00B1E804 /* AppDelegate.swift in Sources */ = {isa = PBXBuildFile; fileRef = 5756AD402B039A9E00B1E804 /* AppDelegate.swift */; };
		5756AD432B039A9E00B1E804 /* SceneDelegate.swift in Sources */ = {isa = PBXBuildFile; fileRef = 5756AD422B039A9E00B1E804 /* SceneDelegate.swift */; };
		5756AD452B039A9E00B1E804 /* ConversationsViewController.swift in Sources */ = {isa = PBXBuildFile; fileRef = 5756AD442B039A9E00B1E804 /* ConversationsViewController.swift */; };
		5756AD482B039A9E00B1E804 /* Main.storyboard in Resources */ = {isa = PBXBuildFile; fileRef = 5756AD462B039A9E00B1E804 /* Main.storyboard */; };
		5756AD4A2B039AA000B1E804 /* Assets.xcassets in Resources */ = {isa = PBXBuildFile; fileRef = 5756AD492B039AA000B1E804 /* Assets.xcassets */; };
		5756AD4D2B039AA000B1E804 /* LaunchScreen.storyboard in Resources */ = {isa = PBXBuildFile; fileRef = 5756AD4B2B039AA000B1E804 /* LaunchScreen.storyboard */; };
		5756AD5C2B039E4B00B1E804 /* LoginViewController.swift in Sources */ = {isa = PBXBuildFile; fileRef = 5756AD5B2B039E4B00B1E804 /* LoginViewController.swift */; };
		5756AD5E2B039E6E00B1E804 /* RegisterViewController.swift in Sources */ = {isa = PBXBuildFile; fileRef = 5756AD5D2B039E6E00B1E804 /* RegisterViewController.swift */; };
		5756AD602B039EB800B1E804 /* PhotovViewerviewController.swift in Sources */ = {isa = PBXBuildFile; fileRef = 5756AD5F2B039EB800B1E804 /* PhotovViewerviewController.swift */; };
		5756AD622B039ED000B1E804 /* VideoPlayerViewController.swift in Sources */ = {isa = PBXBuildFile; fileRef = 5756AD612B039ED000B1E804 /* VideoPlayerViewController.swift */; };
		5756AD642B039F0100B1E804 /* NewConversationViewController.swift in Sources */ = {isa = PBXBuildFile; fileRef = 5756AD632B039F0100B1E804 /* NewConversationViewController.swift */; };
		5756AD662B039F2800B1E804 /* ProfileViewController.swift in Sources */ = {isa = PBXBuildFile; fileRef = 5756AD652B039F2800B1E804 /* ProfileViewController.swift */; };
		5756AD692B03B08600B1E804 /* Extensions.swift in Sources */ = {isa = PBXBuildFile; fileRef = 5756AD682B03B08600B1E804 /* Extensions.swift */; };
		5756AD6D2B04FB3A00B1E804 /* GoogleService-Info.plist in Resources */ = {isa = PBXBuildFile; fileRef = 5756AD6C2B04FB3A00B1E804 /* GoogleService-Info.plist */; };
		5756AD6F2B052ED400B1E804 /* DatabaseManager.swift in Sources */ = {isa = PBXBuildFile; fileRef = 5756AD6E2B052ED400B1E804 /* DatabaseManager.swift */; };
		C0200638DF87D269DFB67F5E /* Pods_T_T.framework in Frameworks */ = {isa = PBXBuildFile; fileRef = 2B12018C7C2CA735C0FEA5E8 /* Pods_T_T.framework */; };
/* End PBXBuildFile section */

/* Begin PBXFileReference section */
		2B12018C7C2CA735C0FEA5E8 /* Pods_T_T.framework */ = {isa = PBXFileReference; explicitFileType = wrapper.framework; includeInIndex = 0; path = Pods_T_T.framework; sourceTree = BUILT_PRODUCTS_DIR; };
		5756AD3D2B039A9E00B1E804 /* T T.app */ = {isa = PBXFileReference; explicitFileType = wrapper.application; includeInIndex = 0; path = "T T.app"; sourceTree = BUILT_PRODUCTS_DIR; };
		5756AD402B039A9E00B1E804 /* AppDelegate.swift */ = {isa = PBXFileReference; lastKnownFileType = sourcecode.swift; path = AppDelegate.swift; sourceTree = "<group>"; };
		5756AD422B039A9E00B1E804 /* SceneDelegate.swift */ = {isa = PBXFileReference; lastKnownFileType = sourcecode.swift; path = SceneDelegate.swift; sourceTree = "<group>"; };
		5756AD442B039A9E00B1E804 /* ConversationsViewController.swift */ = {isa = PBXFileReference; lastKnownFileType = sourcecode.swift; path = ConversationsViewController.swift; sourceTree = "<group>"; };
		5756AD472B039A9E00B1E804 /* Base */ = {isa = PBXFileReference; lastKnownFileType = file.storyboard; name = Base; path = Base.lproj/Main.storyboard; sourceTree = "<group>"; };
		5756AD492B039AA000B1E804 /* Assets.xcassets */ = {isa = PBXFileReference; lastKnownFileType = folder.assetcatalog; path = Assets.xcassets; sourceTree = "<group>"; };
		5756AD4C2B039AA000B1E804 /* Base */ = {isa = PBXFileReference; lastKnownFileType = file.storyboard; name = Base; path = Base.lproj/LaunchScreen.storyboard; sourceTree = "<group>"; };
		5756AD4E2B039AA000B1E804 /* Info.plist */ = {isa = PBXFileReference; lastKnownFileType = text.plist.xml; path = Info.plist; sourceTree = "<group>"; };
		5756AD5B2B039E4B00B1E804 /* LoginViewController.swift */ = {isa = PBXFileReference; lastKnownFileType = sourcecode.swift; path = LoginViewController.swift; sourceTree = "<group>"; };
		5756AD5D2B039E6E00B1E804 /* RegisterViewController.swift */ = {isa = PBXFileReference; lastKnownFileType = sourcecode.swift; path = RegisterViewController.swift; sourceTree = "<group>"; };
		5756AD5F2B039EB800B1E804 /* PhotovViewerviewController.swift */ = {isa = PBXFileReference; lastKnownFileType = sourcecode.swift; path = PhotovViewerviewController.swift; sourceTree = "<group>"; };
		5756AD612B039ED000B1E804 /* VideoPlayerViewController.swift */ = {isa = PBXFileReference; lastKnownFileType = sourcecode.swift; path = VideoPlayerViewController.swift; sourceTree = "<group>"; };
		5756AD632B039F0100B1E804 /* NewConversationViewController.swift */ = {isa = PBXFileReference; lastKnownFileType = sourcecode.swift; path = NewConversationViewController.swift; sourceTree = "<group>"; };
		5756AD652B039F2800B1E804 /* ProfileViewController.swift */ = {isa = PBXFileReference; lastKnownFileType = sourcecode.swift; path = ProfileViewController.swift; sourceTree = "<group>"; };
		5756AD682B03B08600B1E804 /* Extensions.swift */ = {isa = PBXFileReference; lastKnownFileType = sourcecode.swift; path = Extensions.swift; sourceTree = "<group>"; };
		5756AD6C2B04FB3A00B1E804 /* GoogleService-Info.plist */ = {isa = PBXFileReference; fileEncoding = 4; lastKnownFileType = text.plist.xml; path = "GoogleService-Info.plist"; sourceTree = "<group>"; };
		5756AD6E2B052ED400B1E804 /* DatabaseManager.swift */ = {isa = PBXFileReference; lastKnownFileType = sourcecode.swift; path = DatabaseManager.swift; sourceTree = "<group>"; };
		5BA69DF74940E5B24431BFBF /* Pods-T T.debug.xcconfig */ = {isa = PBXFileReference; includeInIndex = 1; lastKnownFileType = text.xcconfig; name = "Pods-T T.debug.xcconfig"; path = "Target Support Files/Pods-T T/Pods-T T.debug.xcconfig"; sourceTree = "<group>"; };
		DA45E32FEAB726A0E5BC3AFA /* Pods-T T.release.xcconfig */ = {isa = PBXFileReference; includeInIndex = 1; lastKnownFileType = text.xcconfig; name = "Pods-T T.release.xcconfig"; path = "Target Support Files/Pods-T T/Pods-T T.release.xcconfig"; sourceTree = "<group>"; };
/* End PBXFileReference section */

/* Begin PBXFrameworksBuildPhase section */
		5756AD3A2B039A9E00B1E804 /* Frameworks */ = {
			isa = PBXFrameworksBuildPhase;
			buildActionMask = 2147483647;
			files = (
				C0200638DF87D269DFB67F5E /* Pods_T_T.framework in Frameworks */,
			);
			runOnlyForDeploymentPostprocessing = 0;
		};
/* End PBXFrameworksBuildPhase section */

/* Begin PBXGroup section */
		5756AD342B039A9E00B1E804 = {
			isa = PBXGroup;
			children = (
				5756AD3F2B039A9E00B1E804 /* T T */,
				5756AD3E2B039A9E00B1E804 /* Products */,
				F245805647AF9179FCC9CE37 /* Pods */,
				593C0697E6E54A8FB2FEDE33 /* Frameworks */,
			);
			sourceTree = "<group>";
		};
		5756AD3E2B039A9E00B1E804 /* Products */ = {
			isa = PBXGroup;
			children = (
				5756AD3D2B039A9E00B1E804 /* T T.app */,
			);
			name = Products;
			sourceTree = "<group>";
		};
		5756AD3F2B039A9E00B1E804 /* T T */ = {
			isa = PBXGroup;
			children = (
				5756AD6C2B04FB3A00B1E804 /* GoogleService-Info.plist */,
				5756AD592B039C6E00B1E804 /* Resources */,
				5756AD582B039C4A00B1E804 /* ViewModels */,
				5756AD572B039C3C00B1E804 /* Controllers */,
				5756AD552B039C2200B1E804 /* Views */,
				5756AD542B039C1B00B1E804 /* Models */,
				5756AD4E2B039AA000B1E804 /* Info.plist */,
			);
			path = "T T";
			sourceTree = "<group>";
		};
		5756AD542B039C1B00B1E804 /* Models */ = {
			isa = PBXGroup;
			children = (
			);
			path = Models;
			sourceTree = "<group>";
		};
		5756AD552B039C2200B1E804 /* Views */ = {
			isa = PBXGroup;
			children = (
				5756AD5A2B039CB100B1E804 /* Storyboards */,
				5756AD492B039AA000B1E804 /* Assets.xcassets */,
			);
			path = Views;
			sourceTree = "<group>";
		};
		5756AD572B039C3C00B1E804 /* Controllers */ = {
			isa = PBXGroup;
			children = (
				5756AD672B03A0CA00B1E804 /* Login */,
				5756AD442B039A9E00B1E804 /* ConversationsViewController.swift */,
				5756AD5F2B039EB800B1E804 /* PhotovViewerviewController.swift */,
				5756AD612B039ED000B1E804 /* VideoPlayerViewController.swift */,
				5756AD632B039F0100B1E804 /* NewConversationViewController.swift */,
				5756AD652B039F2800B1E804 /* ProfileViewController.swift */,
			);
			path = Controllers;
			sourceTree = "<group>";
		};
		5756AD582B039C4A00B1E804 /* ViewModels */ = {
			isa = PBXGroup;
			children = (
			);
			path = ViewModels;
			sourceTree = "<group>";
		};
		5756AD592B039C6E00B1E804 /* Resources */ = {
			isa = PBXGroup;
			children = (
				5756AD402B039A9E00B1E804 /* AppDelegate.swift */,
				5756AD422B039A9E00B1E804 /* SceneDelegate.swift */,
				5756AD682B03B08600B1E804 /* Extensions.swift */,
				5756AD6E2B052ED400B1E804 /* DatabaseManager.swift */,
			);
			path = Resources;
			sourceTree = "<group>";
		};
		5756AD5A2B039CB100B1E804 /* Storyboards */ = {
			isa = PBXGroup;
			children = (
				5756AD462B039A9E00B1E804 /* Main.storyboard */,
				5756AD4B2B039AA000B1E804 /* LaunchScreen.storyboard */,
			);
			path = Storyboards;
			sourceTree = "<group>";
		};
		5756AD672B03A0CA00B1E804 /* Login */ = {
			isa = PBXGroup;
			children = (
				5756AD5B2B039E4B00B1E804 /* LoginViewController.swift */,
				5756AD5D2B039E6E00B1E804 /* RegisterViewController.swift */,
			);
			path = Login;
			sourceTree = "<group>";
		};
		593C0697E6E54A8FB2FEDE33 /* Frameworks */ = {
			isa = PBXGroup;
			children = (
				2B12018C7C2CA735C0FEA5E8 /* Pods_T_T.framework */,
			);
			name = Frameworks;
			sourceTree = "<group>";
		};
		F245805647AF9179FCC9CE37 /* Pods */ = {
			isa = PBXGroup;
			children = (
				5BA69DF74940E5B24431BFBF /* Pods-T T.debug.xcconfig */,
				DA45E32FEAB726A0E5BC3AFA /* Pods-T T.release.xcconfig */,
			);
			path = Pods;
			sourceTree = "<group>";
		};
/* End PBXGroup section */

/* Begin PBXNativeTarget section */
		5756AD3C2B039A9E00B1E804 /* T T */ = {
			isa = PBXNativeTarget;
			buildConfigurationList = 5756AD512B039AA000B1E804 /* Build configuration list for PBXNativeTarget "T T" */;
			buildPhases = (
				9EF2633EEE86C8D9DBE11E2D /* [CP] Check Pods Manifest.lock */,
				5756AD392B039A9E00B1E804 /* Sources */,
				5756AD3A2B039A9E00B1E804 /* Frameworks */,
				5756AD3B2B039A9E00B1E804 /* Resources */,
				2A2400B0BB0063FB8FED9371 /* [CP] Embed Pods Frameworks */,
			);
			buildRules = (
			);
			dependencies = (
			);
			name = "T T";
			productName = "T T";
			productReference = 5756AD3D2B039A9E00B1E804 /* T T.app */;
			productType = "com.apple.product-type.application";
		};
/* End PBXNativeTarget section */

/* Begin PBXProject section */
		5756AD352B039A9E00B1E804 /* Project object */ = {
			isa = PBXProject;
			attributes = {
				BuildIndependentTargetsInParallel = 1;
				LastSwiftUpdateCheck = 1500;
				LastUpgradeCheck = 1500;
				TargetAttributes = {
					5756AD3C2B039A9E00B1E804 = {
						CreatedOnToolsVersion = 15.0;
					};
				};
			};
			buildConfigurationList = 5756AD382B039A9E00B1E804 /* Build configuration list for PBXProject "T T" */;
			compatibilityVersion = "Xcode 14.0";
			developmentRegion = en;
			hasScannedForEncodings = 0;
			knownRegions = (
				en,
				Base,
			);
			mainGroup = 5756AD342B039A9E00B1E804;
			productRefGroup = 5756AD3E2B039A9E00B1E804 /* Products */;
			projectDirPath = "";
			projectRoot = "";
			targets = (
				5756AD3C2B039A9E00B1E804 /* T T */,
			);
		};
/* End PBXProject section */

/* Begin PBXResourcesBuildPhase section */
		5756AD3B2B039A9E00B1E804 /* Resources */ = {
			isa = PBXResourcesBuildPhase;
			buildActionMask = 2147483647;
			files = (
				5756AD4D2B039AA000B1E804 /* LaunchScreen.storyboard in Resources */,
				5756AD6D2B04FB3A00B1E804 /* GoogleService-Info.plist in Resources */,
				5756AD4A2B039AA000B1E804 /* Assets.xcassets in Resources */,
				5756AD482B039A9E00B1E804 /* Main.storyboard in Resources */,
			);
			runOnlyForDeploymentPostprocessing = 0;
		};
/* End PBXResourcesBuildPhase section */

/* Begin PBXShellScriptBuildPhase section */
		2A2400B0BB0063FB8FED9371 /* [CP] Embed Pods Frameworks */ = {
			isa = PBXShellScriptBuildPhase;
			buildActionMask = 2147483647;
			files = (
			);
			inputFileListPaths = (
				"${PODS_ROOT}/Target Support Files/Pods-T T/Pods-T T-frameworks-${CONFIGURATION}-input-files.xcfilelist",
			);
			name = "[CP] Embed Pods Frameworks";
			outputFileListPaths = (
				"${PODS_ROOT}/Target Support Files/Pods-T T/Pods-T T-frameworks-${CONFIGURATION}-output-files.xcfilelist",
			);
			runOnlyForDeploymentPostprocessing = 0;
			shellPath = /bin/sh;
			shellScript = "\"${PODS_ROOT}/Target Support Files/Pods-T T/Pods-T T-frameworks.sh\"\n";
			showEnvVarsInLog = 0;
		};
		9EF2633EEE86C8D9DBE11E2D /* [CP] Check Pods Manifest.lock */ = {
			isa = PBXShellScriptBuildPhase;
			buildActionMask = 2147483647;
			files = (
			);
			inputFileListPaths = (
			);
			inputPaths = (
				"${PODS_PODFILE_DIR_PATH}/Podfile.lock",
				"${PODS_ROOT}/Manifest.lock",
			);
			name = "[CP] Check Pods Manifest.lock";
			outputFileListPaths = (
			);
			outputPaths = (
				"$(DERIVED_FILE_DIR)/Pods-T T-checkManifestLockResult.txt",
			);
			runOnlyForDeploymentPostprocessing = 0;
			shellPath = /bin/sh;
			shellScript = "diff \"${PODS_PODFILE_DIR_PATH}/Podfile.lock\" \"${PODS_ROOT}/Manifest.lock\" > /dev/null\nif [ $? != 0 ] ; then\n    # print error to STDERR\n    echo \"error: The sandbox is not in sync with the Podfile.lock. Run 'pod install' or update your CocoaPods installation.\" >&2\n    exit 1\nfi\n# This output is used by Xcode 'outputs' to avoid re-running this script phase.\necho \"SUCCESS\" > \"${SCRIPT_OUTPUT_FILE_0}\"\n";
			showEnvVarsInLog = 0;
		};
/* End PBXShellScriptBuildPhase section */

/* Begin PBXSourcesBuildPhase section */
		5756AD392B039A9E00B1E804 /* Sources */ = {
			isa = PBXSourcesBuildPhase;
			buildActionMask = 2147483647;
			files = (
				5756AD602B039EB800B1E804 /* PhotovViewerviewController.swift in Sources */,
				5756AD6F2B052ED400B1E804 /* DatabaseManager.swift in Sources */,
				5756AD5C2B039E4B00B1E804 /* LoginViewController.swift in Sources */,
				5756AD642B039F0100B1E804 /* NewConversationViewController.swift in Sources */,
				5756AD5E2B039E6E00B1E804 /* RegisterViewController.swift in Sources */,
				5756AD622B039ED000B1E804 /* VideoPlayerViewController.swift in Sources */,
				5756AD692B03B08600B1E804 /* Extensions.swift in Sources */,
				5756AD452B039A9E00B1E804 /* ConversationsViewController.swift in Sources */,
				5756AD662B039F2800B1E804 /* ProfileViewController.swift in Sources */,
				5756AD412B039A9E00B1E804 /* AppDelegate.swift in Sources */,
				5756AD432B039A9E00B1E804 /* SceneDelegate.swift in Sources */,
			);
			runOnlyForDeploymentPostprocessing = 0;
		};
/* End PBXSourcesBuildPhase section */

/* Begin PBXVariantGroup section */
		5756AD462B039A9E00B1E804 /* Main.storyboard */ = {
			isa = PBXVariantGroup;
			children = (
				5756AD472B039A9E00B1E804 /* Base */,
			);
			name = Main.storyboard;
			sourceTree = "<group>";
		};
		5756AD4B2B039AA000B1E804 /* LaunchScreen.storyboard */ = {
			isa = PBXVariantGroup;
			children = (
				5756AD4C2B039AA000B1E804 /* Base */,
			);
			name = LaunchScreen.storyboard;
			sourceTree = "<group>";
		};
/* End PBXVariantGroup section */

/* Begin XCBuildConfiguration section */
		5756AD4F2B039AA000B1E804 /* Debug */ = {
			isa = XCBuildConfiguration;
			buildSettings = {
				ALWAYS_SEARCH_USER_PATHS = NO;
				ASSETCATALOG_COMPILER_GENERATE_SWIFT_ASSET_SYMBOL_EXTENSIONS = YES;
				CLANG_ANALYZER_NONNULL = YES;
				CLANG_ANALYZER_NUMBER_OBJECT_CONVERSION = YES_AGGRESSIVE;
				CLANG_CXX_LANGUAGE_STANDARD = "gnu++20";
				CLANG_ENABLE_MODULES = YES;
				CLANG_ENABLE_OBJC_ARC = YES;
				CLANG_ENABLE_OBJC_WEAK = YES;
				CLANG_WARN_BLOCK_CAPTURE_AUTORELEASING = YES;
				CLANG_WARN_BOOL_CONVERSION = YES;
				CLANG_WARN_COMMA = YES;
				CLANG_WARN_CONSTANT_CONVERSION = YES;
				CLANG_WARN_DEPRECATED_OBJC_IMPLEMENTATIONS = YES;
				CLANG_WARN_DIRECT_OBJC_ISA_USAGE = YES_ERROR;
				CLANG_WARN_DOCUMENTATION_COMMENTS = YES;
				CLANG_WARN_EMPTY_BODY = YES;
				CLANG_WARN_ENUM_CONVERSION = YES;
				CLANG_WARN_INFINITE_RECURSION = YES;
				CLANG_WARN_INT_CONVERSION = YES;
				CLANG_WARN_NON_LITERAL_NULL_CONVERSION = YES;
				CLANG_WARN_OBJC_IMPLICIT_RETAIN_SELF = YES;
				CLANG_WARN_OBJC_LITERAL_CONVERSION = YES;
				CLANG_WARN_OBJC_ROOT_CLASS = YES_ERROR;
				CLANG_WARN_QUOTED_INCLUDE_IN_FRAMEWORK_HEADER = YES;
				CLANG_WARN_RANGE_LOOP_ANALYSIS = YES;
				CLANG_WARN_STRICT_PROTOTYPES = YES;
				CLANG_WARN_SUSPICIOUS_MOVE = YES;
				CLANG_WARN_UNGUARDED_AVAILABILITY = YES_AGGRESSIVE;
				CLANG_WARN_UNREACHABLE_CODE = YES;
				CLANG_WARN__DUPLICATE_METHOD_MATCH = YES;
				COPY_PHASE_STRIP = NO;
				DEBUG_INFORMATION_FORMAT = dwarf;
				ENABLE_STRICT_OBJC_MSGSEND = YES;
				ENABLE_TESTABILITY = YES;
				ENABLE_USER_SCRIPT_SANDBOXING = NO;
				GCC_C_LANGUAGE_STANDARD = gnu17;
				GCC_DYNAMIC_NO_PIC = NO;
				GCC_NO_COMMON_BLOCKS = YES;
				GCC_OPTIMIZATION_LEVEL = 0;
				GCC_PREPROCESSOR_DEFINITIONS = (
					"DEBUG=1",
					"$(inherited)",
				);
				GCC_WARN_64_TO_32_BIT_CONVERSION = YES;
				GCC_WARN_ABOUT_RETURN_TYPE = YES_ERROR;
				GCC_WARN_UNDECLARED_SELECTOR = YES;
				GCC_WARN_UNINITIALIZED_AUTOS = YES_AGGRESSIVE;
				GCC_WARN_UNUSED_FUNCTION = YES;
				GCC_WARN_UNUSED_VARIABLE = YES;
				IPHONEOS_DEPLOYMENT_TARGET = 17.0;
				LOCALIZATION_PREFERS_STRING_CATALOGS = YES;
				MTL_ENABLE_DEBUG_INFO = INCLUDE_SOURCE;
				MTL_FAST_MATH = YES;
				ONLY_ACTIVE_ARCH = YES;
				SDKROOT = iphoneos;
				SWIFT_ACTIVE_COMPILATION_CONDITIONS = "DEBUG $(inherited)";
				SWIFT_OPTIMIZATION_LEVEL = "-Onone";
			};
			name = Debug;
		};
		5756AD502B039AA000B1E804 /* Release */ = {
			isa = XCBuildConfiguration;
			buildSettings = {
				ALWAYS_SEARCH_USER_PATHS = NO;
				ASSETCATALOG_COMPILER_GENERATE_SWIFT_ASSET_SYMBOL_EXTENSIONS = YES;
				CLANG_ANALYZER_NONNULL = YES;
				CLANG_ANALYZER_NUMBER_OBJECT_CONVERSION = YES_AGGRESSIVE;
				CLANG_CXX_LANGUAGE_STANDARD = "gnu++20";
				CLANG_ENABLE_MODULES = YES;
				CLANG_ENABLE_OBJC_ARC = YES;
				CLANG_ENABLE_OBJC_WEAK = YES;
				CLANG_WARN_BLOCK_CAPTURE_AUTORELEASING = YES;
				CLANG_WARN_BOOL_CONVERSION = YES;
				CLANG_WARN_COMMA = YES;
				CLANG_WARN_CONSTANT_CONVERSION = YES;
				CLANG_WARN_DEPRECATED_OBJC_IMPLEMENTATIONS = YES;
				CLANG_WARN_DIRECT_OBJC_ISA_USAGE = YES_ERROR;
				CLANG_WARN_DOCUMENTATION_COMMENTS = YES;
				CLANG_WARN_EMPTY_BODY = YES;
				CLANG_WARN_ENUM_CONVERSION = YES;
				CLANG_WARN_INFINITE_RECURSION = YES;
				CLANG_WARN_INT_CONVERSION = YES;
				CLANG_WARN_NON_LITERAL_NULL_CONVERSION = YES;
				CLANG_WARN_OBJC_IMPLICIT_RETAIN_SELF = YES;
				CLANG_WARN_OBJC_LITERAL_CONVERSION = YES;
				CLANG_WARN_OBJC_ROOT_CLASS = YES_ERROR;
				CLANG_WARN_QUOTED_INCLUDE_IN_FRAMEWORK_HEADER = YES;
				CLANG_WARN_RANGE_LOOP_ANALYSIS = YES;
				CLANG_WARN_STRICT_PROTOTYPES = YES;
				CLANG_WARN_SUSPICIOUS_MOVE = YES;
				CLANG_WARN_UNGUARDED_AVAILABILITY = YES_AGGRESSIVE;
				CLANG_WARN_UNREACHABLE_CODE = YES;
				CLANG_WARN__DUPLICATE_METHOD_MATCH = YES;
				COPY_PHASE_STRIP = NO;
				DEBUG_INFORMATION_FORMAT = "dwarf-with-dsym";
				ENABLE_NS_ASSERTIONS = NO;
				ENABLE_STRICT_OBJC_MSGSEND = YES;
				ENABLE_USER_SCRIPT_SANDBOXING = NO;
				GCC_C_LANGUAGE_STANDARD = gnu17;
				GCC_NO_COMMON_BLOCKS = YES;
				GCC_WARN_64_TO_32_BIT_CONVERSION = YES;
				GCC_WARN_ABOUT_RETURN_TYPE = YES_ERROR;
				GCC_WARN_UNDECLARED_SELECTOR = YES;
				GCC_WARN_UNINITIALIZED_AUTOS = YES_AGGRESSIVE;
				GCC_WARN_UNUSED_FUNCTION = YES;
				GCC_WARN_UNUSED_VARIABLE = YES;
				IPHONEOS_DEPLOYMENT_TARGET = 17.0;
				LOCALIZATION_PREFERS_STRING_CATALOGS = YES;
				MTL_ENABLE_DEBUG_INFO = NO;
				MTL_FAST_MATH = YES;
				SDKROOT = iphoneos;
				SWIFT_COMPILATION_MODE = wholemodule;
				VALIDATE_PRODUCT = YES;
			};
			name = Release;
		};
		5756AD522B039AA000B1E804 /* Debug */ = {
			isa = XCBuildConfiguration;
			baseConfigurationReference = 5BA69DF74940E5B24431BFBF /* Pods-T T.debug.xcconfig */;
			buildSettings = {
				ASSETCATALOG_COMPILER_APPICON_NAME = AppIcon;
				ASSETCATALOG_COMPILER_GLOBAL_ACCENT_COLOR_NAME = AccentColor;
				CODE_SIGN_STYLE = Automatic;
				CURRENT_PROJECT_VERSION = 1;
				GENERATE_INFOPLIST_FILE = YES;
				INFOPLIST_FILE = "T T/Info.plist";
				INFOPLIST_KEY_UIApplicationSupportsIndirectInputEvents = YES;
				INFOPLIST_KEY_UILaunchStoryboardName = LaunchScreen;
				INFOPLIST_KEY_UIMainStoryboardFile = Main;
				INFOPLIST_KEY_UISupportedInterfaceOrientations = UIInterfaceOrientationPortrait;
				IPHONEOS_DEPLOYMENT_TARGET = 16.0;
				LD_RUNPATH_SEARCH_PATHS = (
					"$(inherited)",
					"@executable_path/Frameworks",
				);
				MARKETING_VERSION = 1.0;
				PRODUCT_BUNDLE_IDENTIFIER = "com.fatimasiddiqui.T-T";
				PRODUCT_NAME = "$(TARGET_NAME)";
				SWIFT_EMIT_LOC_STRINGS = YES;
				SWIFT_VERSION = 5.0;
				TARGETED_DEVICE_FAMILY = "1,2";
			};
			name = Debug;
		};
		5756AD532B039AA000B1E804 /* Release */ = {
			isa = XCBuildConfiguration;
			baseConfigurationReference = DA45E32FEAB726A0E5BC3AFA /* Pods-T T.release.xcconfig */;
			buildSettings = {
				ASSETCATALOG_COMPILER_APPICON_NAME = AppIcon;
				ASSETCATALOG_COMPILER_GLOBAL_ACCENT_COLOR_NAME = AccentColor;
				CODE_SIGN_STYLE = Automatic;
				CURRENT_PROJECT_VERSION = 1;
				GENERATE_INFOPLIST_FILE = YES;
				INFOPLIST_FILE = "T T/Info.plist";
				INFOPLIST_KEY_UIApplicationSupportsIndirectInputEvents = YES;
				INFOPLIST_KEY_UILaunchStoryboardName = LaunchScreen;
				INFOPLIST_KEY_UIMainStoryboardFile = Main;
				INFOPLIST_KEY_UISupportedInterfaceOrientations = UIInterfaceOrientationPortrait;
				IPHONEOS_DEPLOYMENT_TARGET = 16.0;
				LD_RUNPATH_SEARCH_PATHS = (
					"$(inherited)",
					"@executable_path/Frameworks",
				);
				MARKETING_VERSION = 1.0;
				PRODUCT_BUNDLE_IDENTIFIER = "com.fatimasiddiqui.T-T";
				PRODUCT_NAME = "$(TARGET_NAME)";
				SWIFT_EMIT_LOC_STRINGS = YES;
				SWIFT_VERSION = 5.0;
				TARGETED_DEVICE_FAMILY = "1,2";
			};
			name = Release;
		};
/* End XCBuildConfiguration section */

/* Begin XCConfigurationList section */
		5756AD382B039A9E00B1E804 /* Build configuration list for PBXProject "T T" */ = {
			isa = XCConfigurationList;
			buildConfigurations = (
				5756AD4F2B039AA000B1E804 /* Debug */,
				5756AD502B039AA000B1E804 /* Release */,
			);
			defaultConfigurationIsVisible = 0;
			defaultConfigurationName = Release;
		};
		5756AD512B039AA000B1E804 /* Build configuration list for PBXNativeTarget "T T" */ = {
			isa = XCConfigurationList;
			buildConfigurations = (
				5756AD522B039AA000B1E804 /* Debug */,
				5756AD532B039AA000B1E804 /* Release */,
			);
			defaultConfigurationIsVisible = 0;
			defaultConfigurationName = Release;
		};
/* End XCConfigurationList section */
	};
	rootObject = 5756AD352B039A9E00B1E804 /* Project object */;
}
